
Microsoft Visual Studio Solution File, Format Version 12.00
# Visual Studio Version 16
VisualStudioVersion = 16.0.29209.152
MinimumVisualStudioVersion = 10.0.40219.1
Project("{9A19103F-16F7-4668-BE54-9A1E7A4F7556}") = "YoutubeBlazor.Server", "YoutubeBlazor\Server\YoutubeBlazor.Server.csproj", "{C2C9BEFB-770B-41E5-954A-992D782D7E41}"
EndProject
Project("{9A19103F-16F7-4668-BE54-9A1E7A4F7556}") = "YoutubeBlazor.Client", "YoutubeBlazor\Client\YoutubeBlazor.Client.csproj", "{62E8801E-6047-4DC9-A380-D7A8F518420B}"
EndProject
Project("{9A19103F-16F7-4668-BE54-9A1E7A4F7556}") = "YoutubeBlazor.Shared", "YoutubeBlazor\Shared\YoutubeBlazor.Shared.csproj", "{8FDE48C7-5C80-4A5E-8FBD-51D137D7A0EB}"
EndProject
Global
	GlobalSection(SolutionConfigurationPlatforms) = preSolution
		Debug|Any CPU = Debug|Any CPU
		Release|Any CPU = Release|Any CPU
	EndGlobalSection
	GlobalSection(ProjectConfigurationPlatforms) = postSolution
		{C2C9BEFB-770B-41E5-954A-992D782D7E41}.Debug|Any CPU.ActiveCfg = Debug|Any CPU
		{C2C9BEFB-770B-41E5-954A-992D782D7E41}.Debug|Any CPU.Build.0 = Debug|Any CPU
		{C2C9BEFB-770B-41E5-954A-992D782D7E41}.Release|Any CPU.ActiveCfg = Release|Any CPU
		{C2C9BEFB-770B-41E5-954A-992D782D7E41}.Release|Any CPU.Build.0 = Release|Any CPU
		{62E8801E-6047-4DC9-A380-D7A8F518420B}.Debug|Any CPU.ActiveCfg = Debug|Any CPU
		{62E8801E-6047-4DC9-A380-D7A8F518420B}.Debug|Any CPU.Build.0 = Debug|Any CPU
		{62E8801E-6047-4DC9-A380-D7A8F518420B}.Release|Any CPU.ActiveCfg = Release|Any CPU
		{62E8801E-6047-4DC9-A380-D7A8F518420B}.Release|Any CPU.Build.0 = Release|Any CPU
		{8FDE48C7-5C80-4A5E-8FBD-51D137D7A0EB}.Debug|Any CPU.ActiveCfg = Debug|Any CPU
		{8FDE48C7-5C80-4A5E-8FBD-51D137D7A0EB}.Debug|Any CPU.Build.0 = Debug|Any CPU
		{8FDE48C7-5C80-4A5E-8FBD-51D137D7A0EB}.Release|Any CPU.ActiveCfg = Release|Any CPU
		{8FDE48C7-5C80-4A5E-8FBD-51D137D7A0EB}.Release|Any CPU.Build.0 = Release|Any CPU
	EndGlobalSection
	GlobalSection(SolutionProperties) = preSolution
		HideSolutionNode = FALSE
	EndGlobalSection
	GlobalSection(ExtensibilityGlobals) = postSolution
		SolutionGuid = {D6BC3F9B-2E52-481A-A2E0-50091FE145E0}
	EndGlobalSection
EndGlobal
